
Microsoft Visual Studio Solution File, Format Version 12.00
# Visual Studio Version 17
VisualStudioVersion = 17.3.32825.248
MinimumVisualStudioVersion = 10.0.40219.1
Project("{FAE04EC0-301F-11D3-BF4B-00C04F79EFBC}") = "ktra", "ktra.csproj", "{43239148-1277-4111-8F9C-49AC7B7F1E02}"
EndProject
Global
	GlobalSection(SolutionConfigurationPlatforms) = preSolution
		Debug|Any CPU = Debug|Any CPU
		Release|Any CPU = Release|Any CPU
	EndGlobalSection
	GlobalSection(ProjectConfigurationPlatforms) = postSolution
		{43239148-1277-4111-8F9C-49AC7B7F1E02}.Debug|Any CPU.ActiveCfg = Debug|Any CPU
		{43239148-1277-4111-8F9C-49AC7B7F1E02}.Debug|Any CPU.Build.0 = Debug|Any CPU
		{43239148-1277-4111-8F9C-49AC7B7F1E02}.Release|Any CPU.ActiveCfg = Release|Any CPU
		{43239148-1277-4111-8F9C-49AC7B7F1E02}.Release|Any CPU.Build.0 = Release|Any CPU
	EndGlobalSection
	GlobalSection(SolutionProperties) = preSolution
		HideSolutionNode = FALSE
	EndGlobalSection
	GlobalSection(ExtensibilityGlobals) = postSolution
		SolutionGuid = {84870201-EC92-403D-9723-3A6E13DE3D30}
	EndGlobalSection
EndGlobal
